
Microsoft Visual Studio Solution File, Format Version 12.00
# Visual Studio Version 16
VisualStudioVersion = 16.0.30320.27
MinimumVisualStudioVersion = 10.0.40219.1
Project("{9A19103F-16F7-4668-BE54-9A1E7A4F7556}") = "MonoCollision", "MonoCollision.csproj", "{3D7E3B7A-E816-4E20-B0AA-4E3FA4ADB594}"
EndProject
Global
	GlobalSection(SolutionConfigurationPlatforms) = preSolution
		Debug|Any CPU = Debug|Any CPU
		Release|Any CPU = Release|Any CPU
	EndGlobalSection
	GlobalSection(ProjectConfigurationPlatforms) = postSolution
		{3D7E3B7A-E816-4E20-B0AA-4E3FA4ADB594}.Debug|Any CPU.ActiveCfg = Debug|Any CPU
		{3D7E3B7A-E816-4E20-B0AA-4E3FA4ADB594}.Debug|Any CPU.Build.0 = Debug|Any CPU
		{3D7E3B7A-E816-4E20-B0AA-4E3FA4ADB594}.Release|Any CPU.ActiveCfg = Release|Any CPU
		{3D7E3B7A-E816-4E20-B0AA-4E3FA4ADB594}.Release|Any CPU.Build.0 = Release|Any CPU
	EndGlobalSection
	GlobalSection(SolutionProperties) = preSolution
		HideSolutionNode = FALSE
	EndGlobalSection
	GlobalSection(ExtensibilityGlobals) = postSolution
		SolutionGuid = {F03051BA-9C9E-4940-8427-03E0670E1D9E}
	EndGlobalSection
EndGlobal
